// !$*UTF8*$!
{
	archiveVersion = 1;
	classes = {
	};
	objectVersion = 55;
	objects = {

/* Begin PBXBuildFile section */
		4AE3CED42A87D65E00CE4570 /* AppDelegate.swift in Sources */ = {isa = PBXBuildFile; fileRef = 4AE3CED32A87D65E00CE4570 /* AppDelegate.swift */; };
		4AE3CED62A87D65E00CE4570 /* SceneDelegate.swift in Sources */ = {isa = PBXBuildFile; fileRef = 4AE3CED52A87D65E00CE4570 /* SceneDelegate.swift */; };
		4AE3CED82A87D65E00CE4570 /* ViewController.swift in Sources */ = {isa = PBXBuildFile; fileRef = 4AE3CED72A87D65E00CE4570 /* ViewController.swift */; };
		4AE3CEDB2A87D65E00CE4570 /* Main.storyboard in Resources */ = {isa = PBXBuildFile; fileRef = 4AE3CED92A87D65E00CE4570 /* Main.storyboard */; };
		4AE3CEDD2A87D66100CE4570 /* Assets.xcassets in Resources */ = {isa = PBXBuildFile; fileRef = 4AE3CEDC2A87D66100CE4570 /* Assets.xcassets */; };
		4AE3CEE02A87D66100CE4570 /* LaunchScreen.storyboard in Resources */ = {isa = PBXBuildFile; fileRef = 4AE3CEDE2A87D66100CE4570 /* LaunchScreen.storyboard */; };
		4AE3CEEA2A87D8D200CE4570 /* AddControllerViewController.swift in Sources */ = {isa = PBXBuildFile; fileRef = 4AE3CEE92A87D8D200CE4570 /* AddControllerViewController.swift */; };
/* End PBXBuildFile section */

/* Begin PBXFileReference section */
		4AE3CED02A87D65E00CE4570 /* todo-tutorial-app.app */ = {isa = PBXFileReference; explicitFileType = wrapper.application; includeInIndex = 0; path = "todo-tutorial-app.app"; sourceTree = BUILT_PRODUCTS_DIR; };
		4AE3CED32A87D65E00CE4570 /* AppDelegate.swift */ = {isa = PBXFileReference; lastKnownFileType = sourcecode.swift; path = AppDelegate.swift; sourceTree = "<group>"; };
		4AE3CED52A87D65E00CE4570 /* SceneDelegate.swift */ = {isa = PBXFileReference; lastKnownFileType = sourcecode.swift; path = SceneDelegate.swift; sourceTree = "<group>"; };
		4AE3CED72A87D65E00CE4570 /* ViewController.swift */ = {isa = PBXFileReference; lastKnownFileType = sourcecode.swift; path = ViewController.swift; sourceTree = "<group>"; };
		4AE3CEDA2A87D65E00CE4570 /* Base */ = {isa = PBXFileReference; lastKnownFileType = file.storyboard; name = Base; path = Base.lproj/Main.storyboard; sourceTree = "<group>"; };
		4AE3CEDC2A87D66100CE4570 /* Assets.xcassets */ = {isa = PBXFileReference; lastKnownFileType = folder.assetcatalog; path = Assets.xcassets; sourceTree = "<group>"; };
		4AE3CEDF2A87D66100CE4570 /* Base */ = {isa = PBXFileReference; lastKnownFileType = file.storyboard; name = Base; path = Base.lproj/LaunchScreen.storyboard; sourceTree = "<group>"; };
		4AE3CEE12A87D66100CE4570 /* Info.plist */ = {isa = PBXFileReference; lastKnownFileType = text.plist.xml; path = Info.plist; sourceTree = "<group>"; };
		4AE3CEE92A87D8D200CE4570 /* AddControllerViewController.swift */ = {isa = PBXFileReference; lastKnownFileType = sourcecode.swift; path = AddControllerViewController.swift; sourceTree = "<group>"; };
/* End PBXFileReference section */

/* Begin PBXFrameworksBuildPhase section */
		4AE3CECD2A87D65E00CE4570 /* Frameworks */ = {
			isa = PBXFrameworksBuildPhase;
			buildActionMask = 2147483647;
			files = (
			);
			runOnlyForDeploymentPostprocessing = 0;
		};
/* End PBXFrameworksBuildPhase section */

/* Begin PBXGroup section */
		4AE3CEC72A87D65E00CE4570 = {
			isa = PBXGroup;
			children = (
				4AE3CED22A87D65E00CE4570 /* todo-tutorial-app */,
				4AE3CED12A87D65E00CE4570 /* Products */,
			);
			sourceTree = "<group>";
		};
		4AE3CED12A87D65E00CE4570 /* Products */ = {
			isa = PBXGroup;
			children = (
				4AE3CED02A87D65E00CE4570 /* todo-tutorial-app.app */,
			);
			name = Products;
			sourceTree = "<group>";
		};
		4AE3CED22A87D65E00CE4570 /* todo-tutorial-app */ = {
			isa = PBXGroup;
			children = (
				4AE3CED32A87D65E00CE4570 /* AppDelegate.swift */,
				4AE3CED52A87D65E00CE4570 /* SceneDelegate.swift */,
				4AE3CED72A87D65E00CE4570 /* ViewController.swift */,
				4AE3CEE92A87D8D200CE4570 /* AddControllerViewController.swift */,
				4AE3CED92A87D65E00CE4570 /* Main.storyboard */,
				4AE3CEDC2A87D66100CE4570 /* Assets.xcassets */,
				4AE3CEDE2A87D66100CE4570 /* LaunchScreen.storyboard */,
				4AE3CEE12A87D66100CE4570 /* Info.plist */,
			);
			path = "todo-tutorial-app";
			sourceTree = "<group>";
		};
/* End PBXGroup section */

/* Begin PBXNativeTarget section */
		4AE3CECF2A87D65E00CE4570 /* todo-tutorial-app */ = {
			isa = PBXNativeTarget;
			buildConfigurationList = 4AE3CEE42A87D66100CE4570 /* Build configuration list for PBXNativeTarget "todo-tutorial-app" */;
			buildPhases = (
				4AE3CECC2A87D65E00CE4570 /* Sources */,
				4AE3CECD2A87D65E00CE4570 /* Frameworks */,
				4AE3CECE2A87D65E00CE4570 /* Resources */,
			);
			buildRules = (
			);
			dependencies = (
			);
			name = "todo-tutorial-app";
			productName = "todo-tutorial-app";
			productReference = 4AE3CED02A87D65E00CE4570 /* todo-tutorial-app.app */;
			productType = "com.apple.product-type.application";
		};
/* End PBXNativeTarget section */

/* Begin PBXProject section */
		4AE3CEC82A87D65E00CE4570 /* Project object */ = {
			isa = PBXProject;
			attributes = {
				BuildIndependentTargetsInParallel = 1;
				LastSwiftUpdateCheck = 1340;
				LastUpgradeCheck = 1340;
				TargetAttributes = {
					4AE3CECF2A87D65E00CE4570 = {
						CreatedOnToolsVersion = 13.4.1;
					};
				};
			};
			buildConfigurationList = 4AE3CECB2A87D65E00CE4570 /* Build configuration list for PBXProject "todo-tutorial-app" */;
			compatibilityVersion = "Xcode 13.0";
			developmentRegion = en;
			hasScannedForEncodings = 0;
			knownRegions = (
				en,
				Base,
			);
			mainGroup = 4AE3CEC72A87D65E00CE4570;
			productRefGroup = 4AE3CED12A87D65E00CE4570 /* Products */;
			projectDirPath = "";
			projectRoot = "";
			targets = (
				4AE3CECF2A87D65E00CE4570 /* todo-tutorial-app */,
			);
		};
/* End PBXProject section */

/* Begin PBXResourcesBuildPhase section */
		4AE3CECE2A87D65E00CE4570 /* Resources */ = {
			isa = PBXResourcesBuildPhase;
			buildActionMask = 2147483647;
			files = (
				4AE3CEE02A87D66100CE4570 /* LaunchScreen.storyboard in Resources */,
				4AE3CEDD2A87D66100CE4570 /* Assets.xcassets in Resources */,
				4AE3CEDB2A87D65E00CE4570 /* Main.storyboard in Resources */,
			);
			runOnlyForDeploymentPostprocessing = 0;
		};
/* End PBXResourcesBuildPhase section */

/* Begin PBXSourcesBuildPhase section */
		4AE3CECC2A87D65E00CE4570 /* Sources */ = {
			isa = PBXSourcesBuildPhase;
			buildActionMask = 2147483647;
			files = (
				4AE3CEEA2A87D8D200CE4570 /* AddControllerViewController.swift in Sources */,
				4AE3CED82A87D65E00CE4570 /* ViewController.swift in Sources */,
				4AE3CED42A87D65E00CE4570 /* AppDelegate.swift in Sources */,
				4AE3CED62A87D65E00CE4570 /* SceneDelegate.swift in Sources */,
			);
			runOnlyForDeploymentPostprocessing = 0;
		};
/* End PBXSourcesBuildPhase section */

/* Begin PBXVariantGroup section */
		4AE3CED92A87D65E00CE4570 /* Main.storyboard */ = {
			isa = PBXVariantGroup;
			children = (
				4AE3CEDA2A87D65E00CE4570 /* Base */,
			);
			name = Main.storyboard;
			sourceTree = "<group>";
		};
		4AE3CEDE2A87D66100CE4570 /* LaunchScreen.storyboard */ = {
			isa = PBXVariantGroup;
			children = (
				4AE3CEDF2A87D66100CE4570 /* Base */,
			);
			name = LaunchScreen.storyboard;
			sourceTree = "<group>";
		};
/* End PBXVariantGroup section */

/* Begin XCBuildConfiguration section */
		4AE3CEE22A87D66100CE4570 /* Debug */ = {
			isa = XCBuildConfiguration;
			buildSettings = {
				ALWAYS_SEARCH_USER_PATHS = NO;
				CLANG_ANALYZER_NONNULL = YES;
				CLANG_ANALYZER_NUMBER_OBJECT_CONVERSION = YES_AGGRESSIVE;
				CLANG_CXX_LANGUAGE_STANDARD = "gnu++17";
				CLANG_ENABLE_MODULES = YES;
				CLANG_ENABLE_OBJC_ARC = YES;
				CLANG_ENABLE_OBJC_WEAK = YES;
				CLANG_WARN_BLOCK_CAPTURE_AUTORELEASING = YES;
				CLANG_WARN_BOOL_CONVERSION = YES;
				CLANG_WARN_COMMA = YES;
				CLANG_WARN_CONSTANT_CONVERSION = YES;
				CLANG_WARN_DEPRECATED_OBJC_IMPLEMENTATIONS = YES;
				CLANG_WARN_DIRECT_OBJC_ISA_USAGE = YES_ERROR;
				CLANG_WARN_DOCUMENTATION_COMMENTS = YES;
				CLANG_WARN_EMPTY_BODY = YES;
				CLANG_WARN_ENUM_CONVERSION = YES;
				CLANG_WARN_INFINITE_RECURSION = YES;
				CLANG_WARN_INT_CONVERSION = YES;
				CLANG_WARN_NON_LITERAL_NULL_CONVERSION = YES;
				CLANG_WARN_OBJC_IMPLICIT_RETAIN_SELF = YES;
				CLANG_WARN_OBJC_LITERAL_CONVERSION = YES;
				CLANG_WARN_OBJC_ROOT_CLASS = YES_ERROR;
				CLANG_WARN_QUOTED_INCLUDE_IN_FRAMEWORK_HEADER = YES;
				CLANG_WARN_RANGE_LOOP_ANALYSIS = YES;
				CLANG_WARN_STRICT_PROTOTYPES = YES;
				CLANG_WARN_SUSPICIOUS_MOVE = YES;
				CLANG_WARN_UNGUARDED_AVAILABILITY = YES_AGGRESSIVE;
				CLANG_WARN_UNREACHABLE_CODE = YES;
				CLANG_WARN__DUPLICATE_METHOD_MATCH = YES;
				COPY_PHASE_STRIP = NO;
				DEBUG_INFORMATION_FORMAT = dwarf;
				ENABLE_STRICT_OBJC_MSGSEND = YES;
				ENABLE_TESTABILITY = YES;
				GCC_C_LANGUAGE_STANDARD = gnu11;
				GCC_DYNAMIC_NO_PIC = NO;
				GCC_NO_COMMON_BLOCKS = YES;
				GCC_OPTIMIZATION_LEVEL = 0;
				GCC_PREPROCESSOR_DEFINITIONS = (
					"DEBUG=1",
					"$(inherited)",
				);
				GCC_WARN_64_TO_32_BIT_CONVERSION = YES;
				GCC_WARN_ABOUT_RETURN_TYPE = YES_ERROR;
				GCC_WARN_UNDECLARED_SELECTOR = YES;
				GCC_WARN_UNINITIALIZED_AUTOS = YES_AGGRESSIVE;
				GCC_WARN_UNUSED_FUNCTION = YES;
				GCC_WARN_UNUSED_VARIABLE = YES;
				IPHONEOS_DEPLOYMENT_TARGET = 15.5;
				MTL_ENABLE_DEBUG_INFO = INCLUDE_SOURCE;
				MTL_FAST_MATH = YES;
				ONLY_ACTIVE_ARCH = YES;
				SDKROOT = iphoneos;
				SWIFT_ACTIVE_COMPILATION_CONDITIONS = DEBUG;
				SWIFT_OPTIMIZATION_LEVEL = "-Onone";
			};
			name = Debug;
		};
		4AE3CEE32A87D66100CE4570 /* Release */ = {
			isa = XCBuildConfiguration;
			buildSettings = {
				ALWAYS_SEARCH_USER_PATHS = NO;
				CLANG_ANALYZER_NONNULL = YES;
				CLANG_ANALYZER_NUMBER_OBJECT_CONVERSION = YES_AGGRESSIVE;
				CLANG_CXX_LANGUAGE_STANDARD = "gnu++17";
				CLANG_ENABLE_MODULES = YES;
				CLANG_ENABLE_OBJC_ARC = YES;
				CLANG_ENABLE_OBJC_WEAK = YES;
				CLANG_WARN_BLOCK_CAPTURE_AUTORELEASING = YES;
				CLANG_WARN_BOOL_CONVERSION = YES;
				CLANG_WARN_COMMA = YES;
				CLANG_WARN_CONSTANT_CONVERSION = YES;
				CLANG_WARN_DEPRECATED_OBJC_IMPLEMENTATIONS = YES;
				CLANG_WARN_DIRECT_OBJC_ISA_USAGE = YES_ERROR;
				CLANG_WARN_DOCUMENTATION_COMMENTS = YES;
				CLANG_WARN_EMPTY_BODY = YES;
				CLANG_WARN_ENUM_CONVERSION = YES;
				CLANG_WARN_INFINITE_RECURSION = YES;
				CLANG_WARN_INT_CONVERSION = YES;
				CLANG_WARN_NON_LITERAL_NULL_CONVERSION = YES;
				CLANG_WARN_OBJC_IMPLICIT_RETAIN_SELF = YES;
				CLANG_WARN_OBJC_LITERAL_CONVERSION = YES;
				CLANG_WARN_OBJC_ROOT_CLASS = YES_ERROR;
				CLANG_WARN_QUOTED_INCLUDE_IN_FRAMEWORK_HEADER = YES;
				CLANG_WARN_RANGE_LOOP_ANALYSIS = YES;
				CLANG_WARN_STRICT_PROTOTYPES = YES;
				CLANG_WARN_SUSPICIOUS_MOVE = YES;
				CLANG_WARN_UNGUARDED_AVAILABILITY = YES_AGGRESSIVE;
				CLANG_WARN_UNREACHABLE_CODE = YES;
				CLANG_WARN__DUPLICATE_METHOD_MATCH = YES;
				COPY_PHASE_STRIP = NO;
				DEBUG_INFORMATION_FORMAT = "dwarf-with-dsym";
				ENABLE_NS_ASSERTIONS = NO;
				ENABLE_STRICT_OBJC_MSGSEND = YES;
				GCC_C_LANGUAGE_STANDARD = gnu11;
				GCC_NO_COMMON_BLOCKS = YES;
				GCC_WARN_64_TO_32_BIT_CONVERSION = YES;
				GCC_WARN_ABOUT_RETURN_TYPE = YES_ERROR;
				GCC_WARN_UNDECLARED_SELECTOR = YES;
				GCC_WARN_UNINITIALIZED_AUTOS = YES_AGGRESSIVE;
				GCC_WARN_UNUSED_FUNCTION = YES;
				GCC_WARN_UNUSED_VARIABLE = YES;
				IPHONEOS_DEPLOYMENT_TARGET = 15.5;
				MTL_ENABLE_DEBUG_INFO = NO;
				MTL_FAST_MATH = YES;
				SDKROOT = iphoneos;
				SWIFT_COMPILATION_MODE = wholemodule;
				SWIFT_OPTIMIZATION_LEVEL = "-O";
				VALIDATE_PRODUCT = YES;
			};
			name = Release;
		};
		4AE3CEE52A87D66100CE4570 /* Debug */ = {
			isa = XCBuildConfiguration;
			buildSettings = {
				ASSETCATALOG_COMPILER_APPICON_NAME = AppIcon;
				ASSETCATALOG_COMPILER_GLOBAL_ACCENT_COLOR_NAME = AccentColor;
				CODE_SIGN_STYLE = Automatic;
				CURRENT_PROJECT_VERSION = 1;
				GENERATE_INFOPLIST_FILE = YES;
				INFOPLIST_FILE = "todo-tutorial-app/Info.plist";
				INFOPLIST_KEY_UIApplicationSupportsIndirectInputEvents = YES;
				INFOPLIST_KEY_UILaunchStoryboardName = LaunchScreen;
				INFOPLIST_KEY_UIMainStoryboardFile = Main;
				INFOPLIST_KEY_UISupportedInterfaceOrientations_iPad = "UIInterfaceOrientationPortrait UIInterfaceOrientationPortraitUpsideDown UIInterfaceOrientationLandscapeLeft UIInterfaceOrientationLandscapeRight";
				INFOPLIST_KEY_UISupportedInterfaceOrientations_iPhone = "UIInterfaceOrientationPortrait UIInterfaceOrientationLandscapeLeft UIInterfaceOrientationLandscapeRight";
				LD_RUNPATH_SEARCH_PATHS = (
					"$(inherited)",
					"@executable_path/Frameworks",
				);
				MARKETING_VERSION = 1.0;
				PRODUCT_BUNDLE_IDENTIFIER = "test.todo-tutorial-app";
				PRODUCT_NAME = "$(TARGET_NAME)";
				SWIFT_EMIT_LOC_STRINGS = YES;
				SWIFT_VERSION = 5.0;
				TARGETED_DEVICE_FAMILY = "1,2";
			};
			name = Debug;
		};
		4AE3CEE62A87D66100CE4570 /* Release */ = {
			isa = XCBuildConfiguration;
			buildSettings = {
				ASSETCATALOG_COMPILER_APPICON_NAME = AppIcon;
				ASSETCATALOG_COMPILER_GLOBAL_ACCENT_COLOR_NAME = AccentColor;
				CODE_SIGN_STYLE = Automatic;
				CURRENT_PROJECT_VERSION = 1;
				GENERATE_INFOPLIST_FILE = YES;
				INFOPLIST_FILE = "todo-tutorial-app/Info.plist";
				INFOPLIST_KEY_UIApplicationSupportsIndirectInputEvents = YES;
				INFOPLIST_KEY_UILaunchStoryboardName = LaunchScreen;
				INFOPLIST_KEY_UIMainStoryboardFile = Main;
				INFOPLIST_KEY_UISupportedInterfaceOrientations_iPad = "UIInterfaceOrientationPortrait UIInterfaceOrientationPortraitUpsideDown UIInterfaceOrientationLandscapeLeft UIInterfaceOrientationLandscapeRight";
				INFOPLIST_KEY_UISupportedInterfaceOrientations_iPhone = "UIInterfaceOrientationPortrait UIInterfaceOrientationLandscapeLeft UIInterfaceOrientationLandscapeRight";
				LD_RUNPATH_SEARCH_PATHS = (
					"$(inherited)",
					"@executable_path/Frameworks",
				);
				MARKETING_VERSION = 1.0;
				PRODUCT_BUNDLE_IDENTIFIER = "test.todo-tutorial-app";
				PRODUCT_NAME = "$(TARGET_NAME)";
				SWIFT_EMIT_LOC_STRINGS = YES;
				SWIFT_VERSION = 5.0;
				TARGETED_DEVICE_FAMILY = "1,2";
			};
			name = Release;
		};
/* End XCBuildConfiguration section */

/* Begin XCConfigurationList section */
		4AE3CECB2A87D65E00CE4570 /* Build configuration list for PBXProject "todo-tutorial-app" */ = {
			isa = XCConfigurationList;
			buildConfigurations = (
				4AE3CEE22A87D66100CE4570 /* Debug */,
				4AE3CEE32A87D66100CE4570 /* Release */,
			);
			defaultConfigurationIsVisible = 0;
			defaultConfigurationName = Release;
		};
		4AE3CEE42A87D66100CE4570 /* Build configuration list for PBXNativeTarget "todo-tutorial-app" */ = {
			isa = XCConfigurationList;
			buildConfigurations = (
				4AE3CEE52A87D66100CE4570 /* Debug */,
				4AE3CEE62A87D66100CE4570 /* Release */,
			);
			defaultConfigurationIsVisible = 0;
			defaultConfigurationName = Release;
		};
/* End XCConfigurationList section */
	};
	rootObject = 4AE3CEC82A87D65E00CE4570 /* Project object */;
}
